
Microsoft Visual Studio Solution File, Format Version 12.00
# Visual Studio 15
VisualStudioVersion = 15.0.27428.2015
MinimumVisualStudioVersion = 10.0.40219.1
Project("{9A19103F-16F7-4668-BE54-9A1E7A4F7556}") = "Competencia.Domain", "src\Competencia.Domain\Competencia.Domain.csproj", "{DF9106E9-CB87-401C-BB8B-5682175F9B20}"
EndProject
Project("{9A19103F-16F7-4668-BE54-9A1E7A4F7556}") = "SharedKernel.Common", "src\SharedKernel.Common\SharedKernel.Common.csproj", "{E92DAEBD-FE17-409A-99DB-B679874CE418}"
EndProject
Project("{9A19103F-16F7-4668-BE54-9A1E7A4F7556}") = "Competencia.Data", "src\Competencia.Data\Competencia.Data.csproj", "{19408C11-70B8-440A-BC97-AB6AD65AAF74}"
EndProject
Project("{9A19103F-16F7-4668-BE54-9A1E7A4F7556}") = "Competencia.Handlers", "src\Competencia.Handlers\Competencia.Handlers.csproj", "{3DE9946D-24BB-492C-B3CD-B083F78775D9}"
EndProject
Project("{9A19103F-16F7-4668-BE54-9A1E7A4F7556}") = "Competencia.Api", "src\Competencia.Api\Competencia.Api.csproj", "{37E322E0-42CD-4D8B-8667-8E98FD9F0150}"
EndProject
Project("{2150E333-8FDC-42A3-9474-1A3956D46DE8}") = "test", "test", "{EA0E6969-B3FA-4D95-98D2-BE18D60A25DA}"
EndProject
Project("{9A19103F-16F7-4668-BE54-9A1E7A4F7556}") = "Competencia.Domain.Test", "test\Competencia.Domain.Test\Competencia.Domain.Test.csproj", "{C320790D-7758-4DA1-8F4D-3B48D86BC366}"
EndProject
Project("{2150E333-8FDC-42A3-9474-1A3956D46DE8}") = "src", "src", "{D05DEE7B-8ADF-4DA1-B7E7-201D98AC868C}"
EndProject
Global
	GlobalSection(SolutionConfigurationPlatforms) = preSolution
		Debug|Any CPU = Debug|Any CPU
		Release|Any CPU = Release|Any CPU
	EndGlobalSection
	GlobalSection(ProjectConfigurationPlatforms) = postSolution
		{DF9106E9-CB87-401C-BB8B-5682175F9B20}.Debug|Any CPU.ActiveCfg = Debug|Any CPU
		{DF9106E9-CB87-401C-BB8B-5682175F9B20}.Debug|Any CPU.Build.0 = Debug|Any CPU
		{DF9106E9-CB87-401C-BB8B-5682175F9B20}.Release|Any CPU.ActiveCfg = Release|Any CPU
		{DF9106E9-CB87-401C-BB8B-5682175F9B20}.Release|Any CPU.Build.0 = Release|Any CPU
		{E92DAEBD-FE17-409A-99DB-B679874CE418}.Debug|Any CPU.ActiveCfg = Debug|Any CPU
		{E92DAEBD-FE17-409A-99DB-B679874CE418}.Debug|Any CPU.Build.0 = Debug|Any CPU
		{E92DAEBD-FE17-409A-99DB-B679874CE418}.Release|Any CPU.ActiveCfg = Release|Any CPU
		{E92DAEBD-FE17-409A-99DB-B679874CE418}.Release|Any CPU.Build.0 = Release|Any CPU
		{19408C11-70B8-440A-BC97-AB6AD65AAF74}.Debug|Any CPU.ActiveCfg = Debug|Any CPU
		{19408C11-70B8-440A-BC97-AB6AD65AAF74}.Debug|Any CPU.Build.0 = Debug|Any CPU
		{19408C11-70B8-440A-BC97-AB6AD65AAF74}.Release|Any CPU.ActiveCfg = Release|Any CPU
		{19408C11-70B8-440A-BC97-AB6AD65AAF74}.Release|Any CPU.Build.0 = Release|Any CPU
		{3DE9946D-24BB-492C-B3CD-B083F78775D9}.Debug|Any CPU.ActiveCfg = Debug|Any CPU
		{3DE9946D-24BB-492C-B3CD-B083F78775D9}.Debug|Any CPU.Build.0 = Debug|Any CPU
		{3DE9946D-24BB-492C-B3CD-B083F78775D9}.Release|Any CPU.ActiveCfg = Release|Any CPU
		{3DE9946D-24BB-492C-B3CD-B083F78775D9}.Release|Any CPU.Build.0 = Release|Any CPU
		{37E322E0-42CD-4D8B-8667-8E98FD9F0150}.Debug|Any CPU.ActiveCfg = Debug|Any CPU
		{37E322E0-42CD-4D8B-8667-8E98FD9F0150}.Debug|Any CPU.Build.0 = Debug|Any CPU
		{37E322E0-42CD-4D8B-8667-8E98FD9F0150}.Release|Any CPU.ActiveCfg = Release|Any CPU
		{37E322E0-42CD-4D8B-8667-8E98FD9F0150}.Release|Any CPU.Build.0 = Release|Any CPU
		{C320790D-7758-4DA1-8F4D-3B48D86BC366}.Debug|Any CPU.ActiveCfg = Debug|Any CPU
		{C320790D-7758-4DA1-8F4D-3B48D86BC366}.Debug|Any CPU.Build.0 = Debug|Any CPU
		{C320790D-7758-4DA1-8F4D-3B48D86BC366}.Release|Any CPU.ActiveCfg = Release|Any CPU
		{C320790D-7758-4DA1-8F4D-3B48D86BC366}.Release|Any CPU.Build.0 = Release|Any CPU
	EndGlobalSection
	GlobalSection(SolutionProperties) = preSolution
		HideSolutionNode = FALSE
	EndGlobalSection
	GlobalSection(NestedProjects) = preSolution
		{DF9106E9-CB87-401C-BB8B-5682175F9B20} = {D05DEE7B-8ADF-4DA1-B7E7-201D98AC868C}
		{E92DAEBD-FE17-409A-99DB-B679874CE418} = {D05DEE7B-8ADF-4DA1-B7E7-201D98AC868C}
		{19408C11-70B8-440A-BC97-AB6AD65AAF74} = {D05DEE7B-8ADF-4DA1-B7E7-201D98AC868C}
		{3DE9946D-24BB-492C-B3CD-B083F78775D9} = {D05DEE7B-8ADF-4DA1-B7E7-201D98AC868C}
		{37E322E0-42CD-4D8B-8667-8E98FD9F0150} = {D05DEE7B-8ADF-4DA1-B7E7-201D98AC868C}
		{C320790D-7758-4DA1-8F4D-3B48D86BC366} = {EA0E6969-B3FA-4D95-98D2-BE18D60A25DA}
	EndGlobalSection
	GlobalSection(ExtensibilityGlobals) = postSolution
		SolutionGuid = {C29276B6-9F27-494C-A6E0-63F66DB243F8}
	EndGlobalSection
EndGlobal
