
Microsoft Visual Studio Solution File, Format Version 12.00
# Visual Studio 15
VisualStudioVersion = 15.0.27428.2015
MinimumVisualStudioVersion = 10.0.40219.1
Project("{9A19103F-16F7-4668-BE54-9A1E7A4F7556}") = "Competencias.Domain", "src\Competencias\Competencias.Domain\Competencias.Domain.csproj", "{DF9106E9-CB87-401C-BB8B-5682175F9B20}"
EndProject
Project("{9A19103F-16F7-4668-BE54-9A1E7A4F7556}") = "SharedKernel.Common", "src\SharedKernel\SharedKernel.Common\SharedKernel.Common.csproj", "{E92DAEBD-FE17-409A-99DB-B679874CE418}"
EndProject
Project("{9A19103F-16F7-4668-BE54-9A1E7A4F7556}") = "Competencias.Handlers", "src\Competencias\Competencias.Handlers\Competencias.Handlers.csproj", "{3DE9946D-24BB-492C-B3CD-B083F78775D9}"
EndProject
Project("{9A19103F-16F7-4668-BE54-9A1E7A4F7556}") = "Competencias.Api", "src\Competencias\Competencias.Api\Competencias.Api.csproj", "{37E322E0-42CD-4D8B-8667-8E98FD9F0150}"
EndProject
Project("{2150E333-8FDC-42A3-9474-1A3956D46DE8}") = "test", "test", "{EA0E6969-B3FA-4D95-98D2-BE18D60A25DA}"
EndProject
Project("{9A19103F-16F7-4668-BE54-9A1E7A4F7556}") = "Competencias.Domain.Test", "test\Competencias\Competencias.Domain.Test\Competencias.Domain.Test.csproj", "{C320790D-7758-4DA1-8F4D-3B48D86BC366}"
EndProject
Project("{2150E333-8FDC-42A3-9474-1A3956D46DE8}") = "src", "src", "{D05DEE7B-8ADF-4DA1-B7E7-201D98AC868C}"
EndProject
Project("{2150E333-8FDC-42A3-9474-1A3956D46DE8}") = "Competencias", "Competencias", "{C9550C27-61F0-4366-81DA-FB05348AA81A}"
EndProject
Project("{2150E333-8FDC-42A3-9474-1A3956D46DE8}") = "Competencias", "Competencias", "{0CCE6784-CDCC-40C3-A2C8-481144169C86}"
EndProject
Project("{2150E333-8FDC-42A3-9474-1A3956D46DE8}") = "SharedKernel", "SharedKernel", "{94E7C430-6D1C-4769-AE64-15D42461DC2C}"
EndProject
Project("{2150E333-8FDC-42A3-9474-1A3956D46DE8}") = "Planejamento", "Planejamento", "{23286D00-7B0F-40A3-A8B8-A105F9057B51}"
EndProject
Project("{2150E333-8FDC-42A3-9474-1A3956D46DE8}") = "Lancamento", "Lancamento", "{466421AD-53B4-4ACA-8CD8-A4109C53B803}"
EndProject
Project("{2150E333-8FDC-42A3-9474-1A3956D46DE8}") = "Relatorios", "Relatorios", "{722BFB55-EB53-49A4-857A-0DD22397651A}"
EndProject
Project("{2150E333-8FDC-42A3-9474-1A3956D46DE8}") = "scripts", "scripts", "{C9D36A01-6416-4693-9BA7-036479BDC1B5}"
EndProject
Global
	GlobalSection(SolutionConfigurationPlatforms) = preSolution
		Debug|Any CPU = Debug|Any CPU
		Release|Any CPU = Release|Any CPU
	EndGlobalSection
	GlobalSection(ProjectConfigurationPlatforms) = postSolution
		{DF9106E9-CB87-401C-BB8B-5682175F9B20}.Debug|Any CPU.ActiveCfg = Debug|Any CPU
		{DF9106E9-CB87-401C-BB8B-5682175F9B20}.Debug|Any CPU.Build.0 = Debug|Any CPU
		{DF9106E9-CB87-401C-BB8B-5682175F9B20}.Release|Any CPU.ActiveCfg = Release|Any CPU
		{DF9106E9-CB87-401C-BB8B-5682175F9B20}.Release|Any CPU.Build.0 = Release|Any CPU
		{E92DAEBD-FE17-409A-99DB-B679874CE418}.Debug|Any CPU.ActiveCfg = Debug|Any CPU
		{E92DAEBD-FE17-409A-99DB-B679874CE418}.Debug|Any CPU.Build.0 = Debug|Any CPU
		{E92DAEBD-FE17-409A-99DB-B679874CE418}.Release|Any CPU.ActiveCfg = Release|Any CPU
		{E92DAEBD-FE17-409A-99DB-B679874CE418}.Release|Any CPU.Build.0 = Release|Any CPU
		{3DE9946D-24BB-492C-B3CD-B083F78775D9}.Debug|Any CPU.ActiveCfg = Debug|Any CPU
		{3DE9946D-24BB-492C-B3CD-B083F78775D9}.Debug|Any CPU.Build.0 = Debug|Any CPU
		{3DE9946D-24BB-492C-B3CD-B083F78775D9}.Release|Any CPU.ActiveCfg = Release|Any CPU
		{3DE9946D-24BB-492C-B3CD-B083F78775D9}.Release|Any CPU.Build.0 = Release|Any CPU
		{37E322E0-42CD-4D8B-8667-8E98FD9F0150}.Debug|Any CPU.ActiveCfg = Debug|Any CPU
		{37E322E0-42CD-4D8B-8667-8E98FD9F0150}.Debug|Any CPU.Build.0 = Debug|Any CPU
		{37E322E0-42CD-4D8B-8667-8E98FD9F0150}.Release|Any CPU.ActiveCfg = Release|Any CPU
		{37E322E0-42CD-4D8B-8667-8E98FD9F0150}.Release|Any CPU.Build.0 = Release|Any CPU
		{C320790D-7758-4DA1-8F4D-3B48D86BC366}.Debug|Any CPU.ActiveCfg = Debug|Any CPU
		{C320790D-7758-4DA1-8F4D-3B48D86BC366}.Debug|Any CPU.Build.0 = Debug|Any CPU
		{C320790D-7758-4DA1-8F4D-3B48D86BC366}.Release|Any CPU.ActiveCfg = Release|Any CPU
		{C320790D-7758-4DA1-8F4D-3B48D86BC366}.Release|Any CPU.Build.0 = Release|Any CPU
	EndGlobalSection
	GlobalSection(SolutionProperties) = preSolution
		HideSolutionNode = FALSE
	EndGlobalSection
	GlobalSection(NestedProjects) = preSolution
		{DF9106E9-CB87-401C-BB8B-5682175F9B20} = {0CCE6784-CDCC-40C3-A2C8-481144169C86}
		{E92DAEBD-FE17-409A-99DB-B679874CE418} = {94E7C430-6D1C-4769-AE64-15D42461DC2C}
		{3DE9946D-24BB-492C-B3CD-B083F78775D9} = {0CCE6784-CDCC-40C3-A2C8-481144169C86}
		{37E322E0-42CD-4D8B-8667-8E98FD9F0150} = {0CCE6784-CDCC-40C3-A2C8-481144169C86}
		{C320790D-7758-4DA1-8F4D-3B48D86BC366} = {C9550C27-61F0-4366-81DA-FB05348AA81A}
		{C9550C27-61F0-4366-81DA-FB05348AA81A} = {EA0E6969-B3FA-4D95-98D2-BE18D60A25DA}
		{0CCE6784-CDCC-40C3-A2C8-481144169C86} = {D05DEE7B-8ADF-4DA1-B7E7-201D98AC868C}
		{94E7C430-6D1C-4769-AE64-15D42461DC2C} = {D05DEE7B-8ADF-4DA1-B7E7-201D98AC868C}
		{23286D00-7B0F-40A3-A8B8-A105F9057B51} = {D05DEE7B-8ADF-4DA1-B7E7-201D98AC868C}
		{466421AD-53B4-4ACA-8CD8-A4109C53B803} = {D05DEE7B-8ADF-4DA1-B7E7-201D98AC868C}
		{722BFB55-EB53-49A4-857A-0DD22397651A} = {D05DEE7B-8ADF-4DA1-B7E7-201D98AC868C}
	EndGlobalSection
	GlobalSection(ExtensibilityGlobals) = postSolution
		SolutionGuid = {C29276B6-9F27-494C-A6E0-63F66DB243F8}
	EndGlobalSection
EndGlobal
